
Microsoft Visual Studio Solution File, Format Version 12.00
# Visual Studio Version 16
VisualStudioVersion = 16.0.31313.79
MinimumVisualStudioVersion = 10.0.40219.1
Project("{FAE04EC0-301F-11D3-BF4B-00C04F79EFBC}") = "HouseSaversConsoleApplication", "HouseSaversConsoleApplication.csproj", "{B6D509FD-67B3-421D-97D7-4A8AF7A2AB78}"
EndProject
Global
	GlobalSection(SolutionConfigurationPlatforms) = preSolution
		Debug|Any CPU = Debug|Any CPU
		Release|Any CPU = Release|Any CPU
	EndGlobalSection
	GlobalSection(ProjectConfigurationPlatforms) = postSolution
		{B6D509FD-67B3-421D-97D7-4A8AF7A2AB78}.Debug|Any CPU.ActiveCfg = Debug|Any CPU
		{B6D509FD-67B3-421D-97D7-4A8AF7A2AB78}.Debug|Any CPU.Build.0 = Debug|Any CPU
		{B6D509FD-67B3-421D-97D7-4A8AF7A2AB78}.Release|Any CPU.ActiveCfg = Release|Any CPU
		{B6D509FD-67B3-421D-97D7-4A8AF7A2AB78}.Release|Any CPU.Build.0 = Release|Any CPU
	EndGlobalSection
	GlobalSection(SolutionProperties) = preSolution
		HideSolutionNode = FALSE
	EndGlobalSection
	GlobalSection(ExtensibilityGlobals) = postSolution
		SolutionGuid = {9A2635B1-2C4D-458A-8772-129FD9CFBBAE}
	EndGlobalSection
EndGlobal
